
Microsoft Visual Studio Solution File, Format Version 11.00
# Visual Studio 2010
Project("{FAE04EC0-301F-11D3-BF4B-00C04F79EFBC}") = "AntLibrary", "AntLibrary\AntLibrary.csproj", "{5E676486-D1B4-4AAC-99AE-9EC8DAD963D9}"
EndProject
Project("{FAE04EC0-301F-11D3-BF4B-00C04F79EFBC}") = "Ant", "Ant\Ant.csproj", "{5BFD69F7-EAC4-4A78-AE44-D6E69CBF2037}"
EndProject
Global
	GlobalSection(SolutionConfigurationPlatforms) = preSolution
		Debug|Any CPU = Debug|Any CPU
		Debug|Mixed Platforms = Debug|Mixed Platforms
		Debug|x86 = Debug|x86
		Release|Any CPU = Release|Any CPU
		Release|Mixed Platforms = Release|Mixed Platforms
		Release|x86 = Release|x86
	EndGlobalSection
	GlobalSection(ProjectConfigurationPlatforms) = postSolution
		{5BFD69F7-EAC4-4A78-AE44-D6E69CBF2037}.Debug|Any CPU.ActiveCfg = Debug|Any CPU
		{5BFD69F7-EAC4-4A78-AE44-D6E69CBF2037}.Debug|Any CPU.Build.0 = Debug|Any CPU
		{5BFD69F7-EAC4-4A78-AE44-D6E69CBF2037}.Debug|Mixed Platforms.ActiveCfg = Debug|Any CPU
		{5BFD69F7-EAC4-4A78-AE44-D6E69CBF2037}.Debug|Mixed Platforms.Build.0 = Debug|Any CPU
		{5BFD69F7-EAC4-4A78-AE44-D6E69CBF2037}.Debug|x86.ActiveCfg = Debug|Any CPU
		{5BFD69F7-EAC4-4A78-AE44-D6E69CBF2037}.Debug|x86.Build.0 = Debug|Any CPU
		{5BFD69F7-EAC4-4A78-AE44-D6E69CBF2037}.Release|Any CPU.ActiveCfg = Release|Any CPU
		{5BFD69F7-EAC4-4A78-AE44-D6E69CBF2037}.Release|Any CPU.Build.0 = Release|Any CPU
		{5BFD69F7-EAC4-4A78-AE44-D6E69CBF2037}.Release|Mixed Platforms.ActiveCfg = Release|Any CPU
		{5BFD69F7-EAC4-4A78-AE44-D6E69CBF2037}.Release|Mixed Platforms.Build.0 = Release|Any CPU
		{5BFD69F7-EAC4-4A78-AE44-D6E69CBF2037}.Release|x86.ActiveCfg = Release|Any CPU
		{5BFD69F7-EAC4-4A78-AE44-D6E69CBF2037}.Release|x86.Build.0 = Release|Any CPU
		{5E676486-D1B4-4AAC-99AE-9EC8DAD963D9}.Debug|Any CPU.ActiveCfg = Debug|Any CPU
		{5E676486-D1B4-4AAC-99AE-9EC8DAD963D9}.Debug|Any CPU.Build.0 = Debug|Any CPU
		{5E676486-D1B4-4AAC-99AE-9EC8DAD963D9}.Debug|Mixed Platforms.ActiveCfg = Debug|Any CPU
		{5E676486-D1B4-4AAC-99AE-9EC8DAD963D9}.Debug|Mixed Platforms.Build.0 = Debug|Any CPU
		{5E676486-D1B4-4AAC-99AE-9EC8DAD963D9}.Debug|x86.ActiveCfg = Debug|Any CPU
		{5E676486-D1B4-4AAC-99AE-9EC8DAD963D9}.Release|Any CPU.ActiveCfg = Release|Any CPU
		{5E676486-D1B4-4AAC-99AE-9EC8DAD963D9}.Release|Any CPU.Build.0 = Release|Any CPU
		{5E676486-D1B4-4AAC-99AE-9EC8DAD963D9}.Release|Mixed Platforms.ActiveCfg = Release|Any CPU
		{5E676486-D1B4-4AAC-99AE-9EC8DAD963D9}.Release|Mixed Platforms.Build.0 = Release|Any CPU
		{5E676486-D1B4-4AAC-99AE-9EC8DAD963D9}.Release|x86.ActiveCfg = Release|Any CPU
	EndGlobalSection
	GlobalSection(MonoDevelopProperties) = preSolution
		StartupItem = Ant\Ant.csproj
	EndGlobalSection
	GlobalSection(SolutionProperties) = preSolution
		HideSolutionNode = FALSE
	EndGlobalSection
EndGlobal
